
Microsoft Visual Studio Solution File, Format Version 12.00
# Visual Studio 14
VisualStudioVersion = 14.0.25123.0
MinimumVisualStudioVersion = 10.0.40219.1
Project("{FAE04EC0-301F-11D3-BF4B-00C04F79EFBC}") = "Delegate.Outlook.MeetingTransportPlanner", "Delegate.Outlook.MeetingTransportPlanner\Delegate.Outlook.MeetingTransportPlanner.csproj", "{4BED7DD7-C483-4ED2-A5ED-67186A68812E}"
EndProject
Project("{FAE04EC0-301F-11D3-BF4B-00C04F79EFBC}") = "Delegate.Outlook.MeetingTransportPlannerWeb", "Delegate.Outlook.MeetingTransportPlannerWeb\Delegate.Outlook.MeetingTransportPlannerWeb.csproj", "{4EED2DFB-FFAE-4495-846C-64F4FF6B285D}"
EndProject
Global
	GlobalSection(SolutionConfigurationPlatforms) = preSolution
		Debug|Any CPU = Debug|Any CPU
		Release|Any CPU = Release|Any CPU
	EndGlobalSection
	GlobalSection(ProjectConfigurationPlatforms) = postSolution
		{4BED7DD7-C483-4ED2-A5ED-67186A68812E}.Debug|Any CPU.ActiveCfg = Debug|Any CPU
		{4BED7DD7-C483-4ED2-A5ED-67186A68812E}.Debug|Any CPU.Build.0 = Debug|Any CPU
		{4BED7DD7-C483-4ED2-A5ED-67186A68812E}.Debug|Any CPU.Deploy.0 = Debug|Any CPU
		{4BED7DD7-C483-4ED2-A5ED-67186A68812E}.Release|Any CPU.ActiveCfg = Release|Any CPU
		{4BED7DD7-C483-4ED2-A5ED-67186A68812E}.Release|Any CPU.Build.0 = Release|Any CPU
		{4BED7DD7-C483-4ED2-A5ED-67186A68812E}.Release|Any CPU.Deploy.0 = Release|Any CPU
		{4EED2DFB-FFAE-4495-846C-64F4FF6B285D}.Debug|Any CPU.ActiveCfg = Debug|Any CPU
		{4EED2DFB-FFAE-4495-846C-64F4FF6B285D}.Debug|Any CPU.Build.0 = Debug|Any CPU
		{4EED2DFB-FFAE-4495-846C-64F4FF6B285D}.Release|Any CPU.ActiveCfg = Release|Any CPU
		{4EED2DFB-FFAE-4495-846C-64F4FF6B285D}.Release|Any CPU.Build.0 = Release|Any CPU
	EndGlobalSection
	GlobalSection(SolutionProperties) = preSolution
		HideSolutionNode = FALSE
	EndGlobalSection
EndGlobal
